<?xml version="1.0" encoding="UTF-8" standalone="yes" ?>
<CodeBlocks_project_file>
	<FileVersion major="1" minor="6" />
	<Project>
		<Option title="ProjetC++" />
		<Option pch_mode="2" />
		<Option compiler="gcc" />
		<Build>
			<Target title="Debug">
				<Option output="bin/Debug/ProjetC++" prefix_auto="1" extension_auto="1" />
				<Option object_output="obj/Debug/" />
				<Option type="1" />
				<Option compiler="gcc" />
				<Compiler>
					<Add option="-g" />
				</Compiler>
			</Target>
			<Target title="Release">
				<Option output="bin/Release/ProjetC++" prefix_auto="1" extension_auto="1" />
				<Option object_output="obj/Release/" />
				<Option type="1" />
				<Option compiler="gcc" />
				<Compiler>
					<Add option="-O2" />
				</Compiler>
				<Linker>
					<Add option="-s" />
				</Linker>
			</Target>
		</Build>
		<Compiler>
			<Add option="-Wall" />
			<Add option="-fexceptions" />
		</Compiler>
		<Unit filename="ContenaireRessource.cpp" />
		<Unit filename="ContenaireRessource.h" />
		<Unit filename="admin.cpp">
			<Option target="Debug" />
		</Unit>
		<Unit filename="admin.h">
			<Option target="Debug" />
		</Unit>
		<Unit filename="comite.cpp">
			<Option target="Debug" />
		</Unit>
		<Unit filename="comite.h">
			<Option target="Debug" />
		</Unit>
		<Unit filename="coneteneur.h">
			<Option target="Debug" />
		</Unit>
		<Unit filename="conteneur.cpp">
			<Option target="Debug" />
		</Unit>
		<Unit filename="donateur.cpp">
			<Option target="Debug" />
		</Unit>
		<Unit filename="donateur.h">
			<Option target="Debug" />
		</Unit>
		<Unit filename="dons.cpp">
			<Option target="Debug" />
		</Unit>
		<Unit filename="dons.h">
			<Option target="Debug" />
		</Unit>
		<Unit filename="fondDediee.cpp" />
		<Unit filename="fondDediee.h" />
		<Unit filename="main.cpp" />
		<Unit filename="membre.cpp">
			<Option target="Debug" />
		</Unit>
		<Unit filename="membre.h">
			<Option target="Debug" />
		</Unit>
		<Unit filename="membreActif.cpp">
			<Option target="Debug" />
		</Unit>
		<Unit filename="membreActif.h">
			<Option target="Debug" />
		</Unit>
		<Unit filename="menu.h" />
		<Unit filename="personne.cpp">
			<Option target="Debug" />
		</Unit>
		<Unit filename="personne.h">
			<Option target="Debug" />
		</Unit>
		<Unit filename="projet.cpp">
			<Option target="Debug" />
		</Unit>
		<Unit filename="projet.h">
			<Option target="Debug" />
		</Unit>
		<Unit filename="rapportFinancier.cpp">
			<Option target="Debug" />
		</Unit>
		<Unit filename="rapportFinancier.h">
			<Option target="Debug" />
		</Unit>
		<Unit filename="ressource.cpp" />
		<Unit filename="ressource.h" />
		<Unit filename="ressourceMaterielle.cpp" />
		<Unit filename="ressourceMaterielle.h" />
		<Unit filename="revenueDonation.cpp" />
		<Unit filename="revenueDonation.h" />
		<Unit filename="revenueEvenement.cpp" />
		<Unit filename="revenueEvenement.h" />
		<Unit filename="stock.cpp" />
		<Unit filename="stock.h" />
		<Extensions>
			<lib_finder disable_auto="1" />
		</Extensions>
	</Project>
</CodeBlocks_project_file>
